
Microsoft Visual Studio Solution File, Format Version 12.00
# Visual Studio Version 17
VisualStudioVersion = 17.9.34728.123
MinimumVisualStudioVersion = 10.0.40219.1
Project("{9A19103F-16F7-4668-BE54-9A1E7A4F7556}") = "Xunet.Hangfire", "src\Xunet.Hangfire.csproj", "{DCFFDC0F-C805-4AE6-AE6C-0130DFB9C0E3}"
EndProject
Global
	GlobalSection(SolutionConfigurationPlatforms) = preSolution
		Debug|Any CPU = Debug|Any CPU
		Release|Any CPU = Release|Any CPU
	EndGlobalSection
	GlobalSection(ProjectConfigurationPlatforms) = postSolution
		{DCFFDC0F-C805-4AE6-AE6C-0130DFB9C0E3}.Debug|Any CPU.ActiveCfg = Debug|Any CPU
		{DCFFDC0F-C805-4AE6-AE6C-0130DFB9C0E3}.Debug|Any CPU.Build.0 = Debug|Any CPU
		{DCFFDC0F-C805-4AE6-AE6C-0130DFB9C0E3}.Release|Any CPU.ActiveCfg = Release|Any CPU
		{DCFFDC0F-C805-4AE6-AE6C-0130DFB9C0E3}.Release|Any CPU.Build.0 = Release|Any CPU
	EndGlobalSection
	GlobalSection(SolutionProperties) = preSolution
		HideSolutionNode = FALSE
	EndGlobalSection
	GlobalSection(ExtensibilityGlobals) = postSolution
		SolutionGuid = {1A032525-D9B1-40BB-B909-E4D48D95C13D}
	EndGlobalSection
EndGlobal
